
Microsoft Visual Studio Solution File, Format Version 12.00
# Visual Studio Version 17
VisualStudioVersion = 17.5.002.0
MinimumVisualStudioVersion = 10.0.40219.1
Project("{2150E333-8FDC-42A3-9474-1A3956D46DE8}") = "src", "src", "{A7F057C7-1624-43CA-9020-241F7E382CE0}"
EndProject
Project("{9A19103F-16F7-4668-BE54-9A1E7A4F7556}") = "Glizzy", "src\Glizzy\Glizzy.csproj", "{027A00B3-DAFC-441F-B31D-DE64604C46DB}"
EndProject
Global
	GlobalSection(SolutionConfigurationPlatforms) = preSolution
		Debug|Any CPU = Debug|Any CPU
		Release|Any CPU = Release|Any CPU
	EndGlobalSection
	GlobalSection(ProjectConfigurationPlatforms) = postSolution
		{027A00B3-DAFC-441F-B31D-DE64604C46DB}.Debug|Any CPU.ActiveCfg = Debug|Any CPU
		{027A00B3-DAFC-441F-B31D-DE64604C46DB}.Debug|Any CPU.Build.0 = Debug|Any CPU
		{027A00B3-DAFC-441F-B31D-DE64604C46DB}.Release|Any CPU.ActiveCfg = Release|Any CPU
		{027A00B3-DAFC-441F-B31D-DE64604C46DB}.Release|Any CPU.Build.0 = Release|Any CPU
	EndGlobalSection
	GlobalSection(SolutionProperties) = preSolution
		HideSolutionNode = FALSE
	EndGlobalSection
	GlobalSection(NestedProjects) = preSolution
		{027A00B3-DAFC-441F-B31D-DE64604C46DB} = {A7F057C7-1624-43CA-9020-241F7E382CE0}
	EndGlobalSection
	GlobalSection(ExtensibilityGlobals) = postSolution
		SolutionGuid = {92F6D475-68F0-44D6-A1AF-A28F5948E381}
	EndGlobalSection
EndGlobal
